
Microsoft Visual Studio Solution File, Format Version 12.00
# Visual Studio Version 16
VisualStudioVersion = 16.0.31424.327
MinimumVisualStudioVersion = 10.0.40219.1
Project("{FAE04EC0-301F-11D3-BF4B-00C04F79EFBC}") = "FinancioAPI", "FinancioAPI\FinancioAPI.csproj", "{DD15ACF0-99A7-4C1A-B15B-1232816A4985}"
EndProject
Global
	GlobalSection(SolutionConfigurationPlatforms) = preSolution
		Debug|Any CPU = Debug|Any CPU
		Release|Any CPU = Release|Any CPU
	EndGlobalSection
	GlobalSection(ProjectConfigurationPlatforms) = postSolution
		{DD15ACF0-99A7-4C1A-B15B-1232816A4985}.Debug|Any CPU.ActiveCfg = Debug|Any CPU
		{DD15ACF0-99A7-4C1A-B15B-1232816A4985}.Debug|Any CPU.Build.0 = Debug|Any CPU
		{DD15ACF0-99A7-4C1A-B15B-1232816A4985}.Release|Any CPU.ActiveCfg = Release|Any CPU
		{DD15ACF0-99A7-4C1A-B15B-1232816A4985}.Release|Any CPU.Build.0 = Release|Any CPU
	EndGlobalSection
	GlobalSection(SolutionProperties) = preSolution
		HideSolutionNode = FALSE
	EndGlobalSection
	GlobalSection(ExtensibilityGlobals) = postSolution
		SolutionGuid = {BE89E273-9598-49DB-A49D-8ACD4DFAC129}
	EndGlobalSection
EndGlobal
